{
  "requires": true,
  "lockfileVersion": 1,
  "dependencies": {
    "colors": {
      "version": "1.4.0",
      "resolved": "https://registry.npmjs.org/colors/-/colors-1.4.0.tgz",
      "integrity": "sha512-a+UqTh4kgZg/SlGvfbzDHpgRu7AAQOmmqRHJnxhRZICKFUT91brVhNNt58CMWU9PsBbv3PDCZUHbVxuDiH2mtA==",
      "dev": true
    },
    "karma-spec-reporter": {
      "version": "0.0.32",
      "resolved": "https://registry.npmjs.org/karma-spec-reporter/-/karma-spec-reporter-0.0.32.tgz",
      "integrity": "sha1-LpxyB+pyZ3EmAln4K+y1QyCeRAo=",
      "dev": true,
      "requires": {
        "colors": "^1.1.2"
      }
    }
  }
}
