{
  "requires": true,
  "lockfileVersion": 1,
  "dependencies": {
    "cytoscape": {
      "version": "3.10.0",
      "resolved": "https://build-artifactory.eng.vmware.com/api/npm/npm/cytoscape/-/cytoscape-3.10.0.tgz",
      "integrity": "sha1-O0YuDTUSHs0tJwL0cJFf1trgF3c=",
      "requires": {
        "heap": "^0.2.6",
        "lodash.debounce": "^4.0.8"
      }
    },
    "heap": {
      "version": "0.2.6",
      "resolved": "https://build-artifactory.eng.vmware.com/api/npm/npm/heap/-/heap-0.2.6.tgz",
      "integrity": "sha1-CH4fELBGky/IWU3Z5tN4r8nR5aw="
    },
    "lodash.debounce": {
      "version": "4.0.8",
      "resolved": "https://build-artifactory.eng.vmware.com/api/npm/npm/lodash.debounce/-/lodash.debounce-4.0.8.tgz",
      "integrity": "sha1-gteb/zCmfEAF/9XiUVMArZyk168="
    }
  }
}
